
Microsoft Visual Studio Solution File, Format Version 12.00
# Visual Studio 15
VisualStudioVersion = 15.0.28010.2016
MinimumVisualStudioVersion = 10.0.40219.1
Project("{FAE04EC0-301F-11D3-BF4B-00C04F79EFBC}") = "UITaskExample", "UITaskExample\UITaskExample.csproj", "{F82232FC-EB2C-4495-9BA9-7F0CA297AEA0}"
EndProject
Global
	GlobalSection(SolutionConfigurationPlatforms) = preSolution
		Debug|Any CPU = Debug|Any CPU
		Release|Any CPU = Release|Any CPU
	EndGlobalSection
	GlobalSection(ProjectConfigurationPlatforms) = postSolution
		{F82232FC-EB2C-4495-9BA9-7F0CA297AEA0}.Debug|Any CPU.ActiveCfg = Debug|Any CPU
		{F82232FC-EB2C-4495-9BA9-7F0CA297AEA0}.Debug|Any CPU.Build.0 = Debug|Any CPU
		{F82232FC-EB2C-4495-9BA9-7F0CA297AEA0}.Release|Any CPU.ActiveCfg = Release|Any CPU
		{F82232FC-EB2C-4495-9BA9-7F0CA297AEA0}.Release|Any CPU.Build.0 = Release|Any CPU
	EndGlobalSection
	GlobalSection(SolutionProperties) = preSolution
		HideSolutionNode = FALSE
	EndGlobalSection
	GlobalSection(ExtensibilityGlobals) = postSolution
		SolutionGuid = {A782FD5C-D708-40A7-B351-FDEE337067F0}
	EndGlobalSection
EndGlobal
